// !$*UTF8*$!
{
	archiveVersion = 1;
	classes = {
	};
	objectVersion = 48;
	objects = {

/* Begin PBXBuildFile section */
		82957E3F20A302DE006B8650 /* AppDelegate.m in Sources */ = {isa = PBXBuildFile; fileRef = 82957E3E20A302DE006B8650 /* AppDelegate.m */; };
		82957E4220A302DE006B8650 /* ViewController.m in Sources */ = {isa = PBXBuildFile; fileRef = 82957E4120A302DE006B8650 /* ViewController.m */; };
		82957E4520A302DE006B8650 /* Main.storyboard in Resources */ = {isa = PBXBuildFile; fileRef = 82957E4320A302DE006B8650 /* Main.storyboard */; };
		82957E4720A302DE006B8650 /* Assets.xcassets in Resources */ = {isa = PBXBuildFile; fileRef = 82957E4620A302DE006B8650 /* Assets.xcassets */; };
		82957E4A20A302DE006B8650 /* LaunchScreen.storyboard in Resources */ = {isa = PBXBuildFile; fileRef = 82957E4820A302DE006B8650 /* LaunchScreen.storyboard */; };
		82957E4D20A302DE006B8650 /* main.m in Sources */ = {isa = PBXBuildFile; fileRef = 82957E4C20A302DE006B8650 /* main.m */; };
		82957E5720A302DE006B8650 /* FSViewTests.m in Sources */ = {isa = PBXBuildFile; fileRef = 82957E5620A302DE006B8650 /* FSViewTests.m */; };
		82957E6220A302DE006B8650 /* FSViewUITests.m in Sources */ = {isa = PBXBuildFile; fileRef = 82957E6120A302DE006B8650 /* FSViewUITests.m */; };
/* End PBXBuildFile section */

/* Begin PBXContainerItemProxy section */
		82957E5320A302DE006B8650 /* PBXContainerItemProxy */ = {
			isa = PBXContainerItemProxy;
			containerPortal = 82957E3220A302DE006B8650 /* Project object */;
			proxyType = 1;
			remoteGlobalIDString = 82957E3920A302DE006B8650;
			remoteInfo = FSView;
		};
		82957E5E20A302DE006B8650 /* PBXContainerItemProxy */ = {
			isa = PBXContainerItemProxy;
			containerPortal = 82957E3220A302DE006B8650 /* Project object */;
			proxyType = 1;
			remoteGlobalIDString = 82957E3920A302DE006B8650;
			remoteInfo = FSView;
		};
/* End PBXContainerItemProxy section */

/* Begin PBXFileReference section */
		82957E3A20A302DE006B8650 /* FSView.app */ = {isa = PBXFileReference; explicitFileType = wrapper.application; includeInIndex = 0; path = FSView.app; sourceTree = BUILT_PRODUCTS_DIR; };
		82957E3D20A302DE006B8650 /* AppDelegate.h */ = {isa = PBXFileReference; lastKnownFileType = sourcecode.c.h; path = AppDelegate.h; sourceTree = "<group>"; };
		82957E3E20A302DE006B8650 /* AppDelegate.m */ = {isa = PBXFileReference; lastKnownFileType = sourcecode.c.objc; path = AppDelegate.m; sourceTree = "<group>"; };
		82957E4020A302DE006B8650 /* ViewController.h */ = {isa = PBXFileReference; lastKnownFileType = sourcecode.c.h; path = ViewController.h; sourceTree = "<group>"; };
		82957E4120A302DE006B8650 /* ViewController.m */ = {isa = PBXFileReference; lastKnownFileType = sourcecode.c.objc; path = ViewController.m; sourceTree = "<group>"; };
		82957E4420A302DE006B8650 /* Base */ = {isa = PBXFileReference; lastKnownFileType = file.storyboard; name = Base; path = Base.lproj/Main.storyboard; sourceTree = "<group>"; };
		82957E4620A302DE006B8650 /* Assets.xcassets */ = {isa = PBXFileReference; lastKnownFileType = folder.assetcatalog; path = Assets.xcassets; sourceTree = "<group>"; };
		82957E4920A302DE006B8650 /* Base */ = {isa = PBXFileReference; lastKnownFileType = file.storyboard; name = Base; path = Base.lproj/LaunchScreen.storyboard; sourceTree = "<group>"; };
		82957E4B20A302DE006B8650 /* Info.plist */ = {isa = PBXFileReference; lastKnownFileType = text.plist.xml; path = Info.plist; sourceTree = "<group>"; };
		82957E4C20A302DE006B8650 /* main.m */ = {isa = PBXFileReference; lastKnownFileType = sourcecode.c.objc; path = main.m; sourceTree = "<group>"; };
		82957E5220A302DE006B8650 /* FSViewTests.xctest */ = {isa = PBXFileReference; explicitFileType = wrapper.cfbundle; includeInIndex = 0; path = FSViewTests.xctest; sourceTree = BUILT_PRODUCTS_DIR; };
		82957E5620A302DE006B8650 /* FSViewTests.m */ = {isa = PBXFileReference; lastKnownFileType = sourcecode.c.objc; path = FSViewTests.m; sourceTree = "<group>"; };
		82957E5820A302DE006B8650 /* Info.plist */ = {isa = PBXFileReference; lastKnownFileType = text.plist.xml; path = Info.plist; sourceTree = "<group>"; };
		82957E5D20A302DE006B8650 /* FSViewUITests.xctest */ = {isa = PBXFileReference; explicitFileType = wrapper.cfbundle; includeInIndex = 0; path = FSViewUITests.xctest; sourceTree = BUILT_PRODUCTS_DIR; };
		82957E6120A302DE006B8650 /* FSViewUITests.m */ = {isa = PBXFileReference; lastKnownFileType = sourcecode.c.objc; path = FSViewUITests.m; sourceTree = "<group>"; };
		82957E6320A302DE006B8650 /* Info.plist */ = {isa = PBXFileReference; lastKnownFileType = text.plist.xml; path = Info.plist; sourceTree = "<group>"; };
/* End PBXFileReference section */

/* Begin PBXFrameworksBuildPhase section */
		82957E3720A302DE006B8650 /* Frameworks */ = {
			isa = PBXFrameworksBuildPhase;
			buildActionMask = 2147483647;
			files = (
			);
			runOnlyForDeploymentPostprocessing = 0;
		};
		82957E4F20A302DE006B8650 /* Frameworks */ = {
			isa = PBXFrameworksBuildPhase;
			buildActionMask = 2147483647;
			files = (
			);
			runOnlyForDeploymentPostprocessing = 0;
		};
		82957E5A20A302DE006B8650 /* Frameworks */ = {
			isa = PBXFrameworksBuildPhase;
			buildActionMask = 2147483647;
			files = (
			);
			runOnlyForDeploymentPostprocessing = 0;
		};
/* End PBXFrameworksBuildPhase section */

/* Begin PBXGroup section */
		82957E3120A302DE006B8650 = {
			isa = PBXGroup;
			children = (
				82957E3C20A302DE006B8650 /* FSView */,
				82957E5520A302DE006B8650 /* FSViewTests */,
				82957E6020A302DE006B8650 /* FSViewUITests */,
				82957E3B20A302DE006B8650 /* Products */,
			);
			sourceTree = "<group>";
		};
		82957E3B20A302DE006B8650 /* Products */ = {
			isa = PBXGroup;
			children = (
				82957E3A20A302DE006B8650 /* FSView.app */,
				82957E5220A302DE006B8650 /* FSViewTests.xctest */,
				82957E5D20A302DE006B8650 /* FSViewUITests.xctest */,
			);
			name = Products;
			sourceTree = "<group>";
		};
		82957E3C20A302DE006B8650 /* FSView */ = {
			isa = PBXGroup;
			children = (
				82957E3D20A302DE006B8650 /* AppDelegate.h */,
				82957E3E20A302DE006B8650 /* AppDelegate.m */,
				82957E4020A302DE006B8650 /* ViewController.h */,
				82957E4120A302DE006B8650 /* ViewController.m */,
				82957E4320A302DE006B8650 /* Main.storyboard */,
				82957E4620A302DE006B8650 /* Assets.xcassets */,
				82957E4820A302DE006B8650 /* LaunchScreen.storyboard */,
				82957E4B20A302DE006B8650 /* Info.plist */,
				82957E4C20A302DE006B8650 /* main.m */,
			);
			path = FSView;
			sourceTree = "<group>";
		};
		82957E5520A302DE006B8650 /* FSViewTests */ = {
			isa = PBXGroup;
			children = (
				82957E5620A302DE006B8650 /* FSViewTests.m */,
				82957E5820A302DE006B8650 /* Info.plist */,
			);
			path = FSViewTests;
			sourceTree = "<group>";
		};
		82957E6020A302DE006B8650 /* FSViewUITests */ = {
			isa = PBXGroup;
			children = (
				82957E6120A302DE006B8650 /* FSViewUITests.m */,
				82957E6320A302DE006B8650 /* Info.plist */,
			);
			path = FSViewUITests;
			sourceTree = "<group>";
		};
/* End PBXGroup section */

/* Begin PBXNativeTarget section */
		82957E3920A302DE006B8650 /* FSView */ = {
			isa = PBXNativeTarget;
			buildConfigurationList = 82957E6620A302DE006B8650 /* Build configuration list for PBXNativeTarget "FSView" */;
			buildPhases = (
				82957E3620A302DE006B8650 /* Sources */,
				82957E3720A302DE006B8650 /* Frameworks */,
				82957E3820A302DE006B8650 /* Resources */,
			);
			buildRules = (
			);
			dependencies = (
			);
			name = FSView;
			productName = FSView;
			productReference = 82957E3A20A302DE006B8650 /* FSView.app */;
			productType = "com.apple.product-type.application";
		};
		82957E5120A302DE006B8650 /* FSViewTests */ = {
			isa = PBXNativeTarget;
			buildConfigurationList = 82957E6920A302DE006B8650 /* Build configuration list for PBXNativeTarget "FSViewTests" */;
			buildPhases = (
				82957E4E20A302DE006B8650 /* Sources */,
				82957E4F20A302DE006B8650 /* Frameworks */,
				82957E5020A302DE006B8650 /* Resources */,
			);
			buildRules = (
			);
			dependencies = (
				82957E5420A302DE006B8650 /* PBXTargetDependency */,
			);
			name = FSViewTests;
			productName = FSViewTests;
			productReference = 82957E5220A302DE006B8650 /* FSViewTests.xctest */;
			productType = "com.apple.product-type.bundle.unit-test";
		};
		82957E5C20A302DE006B8650 /* FSViewUITests */ = {
			isa = PBXNativeTarget;
			buildConfigurationList = 82957E6C20A302DE006B8650 /* Build configuration list for PBXNativeTarget "FSViewUITests" */;
			buildPhases = (
				82957E5920A302DE006B8650 /* Sources */,
				82957E5A20A302DE006B8650 /* Frameworks */,
				82957E5B20A302DE006B8650 /* Resources */,
			);
			buildRules = (
			);
			dependencies = (
				82957E5F20A302DE006B8650 /* PBXTargetDependency */,
			);
			name = FSViewUITests;
			productName = FSViewUITests;
			productReference = 82957E5D20A302DE006B8650 /* FSViewUITests.xctest */;
			productType = "com.apple.product-type.bundle.ui-testing";
		};
/* End PBXNativeTarget section */

/* Begin PBXProject section */
		82957E3220A302DE006B8650 /* Project object */ = {
			isa = PBXProject;
			attributes = {
				LastUpgradeCheck = 0920;
				ORGANIZATIONNAME = gzlx;
				TargetAttributes = {
					82957E3920A302DE006B8650 = {
						CreatedOnToolsVersion = 9.2;
						ProvisioningStyle = Automatic;
					};
					82957E5120A302DE006B8650 = {
						CreatedOnToolsVersion = 9.2;
						ProvisioningStyle = Automatic;
						TestTargetID = 82957E3920A302DE006B8650;
					};
					82957E5C20A302DE006B8650 = {
						CreatedOnToolsVersion = 9.2;
						ProvisioningStyle = Automatic;
						TestTargetID = 82957E3920A302DE006B8650;
					};
				};
			};
			buildConfigurationList = 82957E3520A302DE006B8650 /* Build configuration list for PBXProject "FSView" */;
			compatibilityVersion = "Xcode 8.0";
			developmentRegion = en;
			hasScannedForEncodings = 0;
			knownRegions = (
				en,
				Base,
			);
			mainGroup = 82957E3120A302DE006B8650;
			productRefGroup = 82957E3B20A302DE006B8650 /* Products */;
			projectDirPath = "";
			projectRoot = "";
			targets = (
				82957E3920A302DE006B8650 /* FSView */,
				82957E5120A302DE006B8650 /* FSViewTests */,
				82957E5C20A302DE006B8650 /* FSViewUITests */,
			);
		};
/* End PBXProject section */

/* Begin PBXResourcesBuildPhase section */
		82957E3820A302DE006B8650 /* Resources */ = {
			isa = PBXResourcesBuildPhase;
			buildActionMask = 2147483647;
			files = (
				82957E4A20A302DE006B8650 /* LaunchScreen.storyboard in Resources */,
				82957E4720A302DE006B8650 /* Assets.xcassets in Resources */,
				82957E4520A302DE006B8650 /* Main.storyboard in Resources */,
			);
			runOnlyForDeploymentPostprocessing = 0;
		};
		82957E5020A302DE006B8650 /* Resources */ = {
			isa = PBXResourcesBuildPhase;
			buildActionMask = 2147483647;
			files = (
			);
			runOnlyForDeploymentPostprocessing = 0;
		};
		82957E5B20A302DE006B8650 /* Resources */ = {
			isa = PBXResourcesBuildPhase;
			buildActionMask = 2147483647;
			files = (
			);
			runOnlyForDeploymentPostprocessing = 0;
		};
/* End PBXResourcesBuildPhase section */

/* Begin PBXSourcesBuildPhase section */
		82957E3620A302DE006B8650 /* Sources */ = {
			isa = PBXSourcesBuildPhase;
			buildActionMask = 2147483647;
			files = (
				82957E4220A302DE006B8650 /* ViewController.m in Sources */,
				82957E4D20A302DE006B8650 /* main.m in Sources */,
				82957E3F20A302DE006B8650 /* AppDelegate.m in Sources */,
			);
			runOnlyForDeploymentPostprocessing = 0;
		};
		82957E4E20A302DE006B8650 /* Sources */ = {
			isa = PBXSourcesBuildPhase;
			buildActionMask = 2147483647;
			files = (
				82957E5720A302DE006B8650 /* FSViewTests.m in Sources */,
			);
			runOnlyForDeploymentPostprocessing = 0;
		};
		82957E5920A302DE006B8650 /* Sources */ = {
			isa = PBXSourcesBuildPhase;
			buildActionMask = 2147483647;
			files = (
				82957E6220A302DE006B8650 /* FSViewUITests.m in Sources */,
			);
			runOnlyForDeploymentPostprocessing = 0;
		};
/* End PBXSourcesBuildPhase section */

/* Begin PBXTargetDependency section */
		82957E5420A302DE006B8650 /* PBXTargetDependency */ = {
			isa = PBXTargetDependency;
			target = 82957E3920A302DE006B8650 /* FSView */;
			targetProxy = 82957E5320A302DE006B8650 /* PBXContainerItemProxy */;
		};
		82957E5F20A302DE006B8650 /* PBXTargetDependency */ = {
			isa = PBXTargetDependency;
			target = 82957E3920A302DE006B8650 /* FSView */;
			targetProxy = 82957E5E20A302DE006B8650 /* PBXContainerItemProxy */;
		};
/* End PBXTargetDependency section */

/* Begin PBXVariantGroup section */
		82957E4320A302DE006B8650 /* Main.storyboard */ = {
			isa = PBXVariantGroup;
			children = (
				82957E4420A302DE006B8650 /* Base */,
			);
			name = Main.storyboard;
			sourceTree = "<group>";
		};
		82957E4820A302DE006B8650 /* LaunchScreen.storyboard */ = {
			isa = PBXVariantGroup;
			children = (
				82957E4920A302DE006B8650 /* Base */,
			);
			name = LaunchScreen.storyboard;
			sourceTree = "<group>";
		};
/* End PBXVariantGroup section */

/* Begin XCBuildConfiguration section */
		82957E6420A302DE006B8650 /* Debug */ = {
			isa = XCBuildConfiguration;
			buildSettings = {
				ALWAYS_SEARCH_USER_PATHS = NO;
				CLANG_ANALYZER_NONNULL = YES;
				CLANG_ANALYZER_NUMBER_OBJECT_CONVERSION = YES_AGGRESSIVE;
				CLANG_CXX_LANGUAGE_STANDARD = "gnu++14";
				CLANG_CXX_LIBRARY = "libc++";
				CLANG_ENABLE_MODULES = YES;
				CLANG_ENABLE_OBJC_ARC = YES;
				CLANG_WARN_BLOCK_CAPTURE_AUTORELEASING = YES;
				CLANG_WARN_BOOL_CONVERSION = YES;
				CLANG_WARN_COMMA = YES;
				CLANG_WARN_CONSTANT_CONVERSION = YES;
				CLANG_WARN_DIRECT_OBJC_ISA_USAGE = YES_ERROR;
				CLANG_WARN_DOCUMENTATION_COMMENTS = YES;
				CLANG_WARN_EMPTY_BODY = YES;
				CLANG_WARN_ENUM_CONVERSION = YES;
				CLANG_WARN_INFINITE_RECURSION = YES;
				CLANG_WARN_INT_CONVERSION = YES;
				CLANG_WARN_NON_LITERAL_NULL_CONVERSION = YES;
				CLANG_WARN_OBJC_LITERAL_CONVERSION = YES;
				CLANG_WARN_OBJC_ROOT_CLASS = YES_ERROR;
				CLANG_WARN_RANGE_LOOP_ANALYSIS = YES;
				CLANG_WARN_STRICT_PROTOTYPES = YES;
				CLANG_WARN_SUSPICIOUS_MOVE = YES;
				CLANG_WARN_UNGUARDED_AVAILABILITY = YES_AGGRESSIVE;
				CLANG_WARN_UNREACHABLE_CODE = YES;
				CLANG_WARN__DUPLICATE_METHOD_MATCH = YES;
				CODE_SIGN_IDENTITY = "iPhone Developer";
				COPY_PHASE_STRIP = NO;
				DEBUG_INFORMATION_FORMAT = dwarf;
				ENABLE_STRICT_OBJC_MSGSEND = YES;
				ENABLE_TESTABILITY = YES;
				GCC_C_LANGUAGE_STANDARD = gnu11;
				GCC_DYNAMIC_NO_PIC = NO;
				GCC_NO_COMMON_BLOCKS = YES;
				GCC_OPTIMIZATION_LEVEL = 0;
				GCC_PREPROCESSOR_DEFINITIONS = (
					"DEBUG=1",
					"$(inherited)",
				);
				GCC_WARN_64_TO_32_BIT_CONVERSION = YES;
				GCC_WARN_ABOUT_RETURN_TYPE = YES_ERROR;
				GCC_WARN_UNDECLARED_SELECTOR = YES;
				GCC_WARN_UNINITIALIZED_AUTOS = YES_AGGRESSIVE;
				GCC_WARN_UNUSED_FUNCTION = YES;
				GCC_WARN_UNUSED_VARIABLE = YES;
				IPHONEOS_DEPLOYMENT_TARGET = 11.2;
				MTL_ENABLE_DEBUG_INFO = YES;
				ONLY_ACTIVE_ARCH = YES;
				SDKROOT = iphoneos;
			};
			name = Debug;
		};
		82957E6520A302DE006B8650 /* Release */ = {
			isa = XCBuildConfiguration;
			buildSettings = {
				ALWAYS_SEARCH_USER_PATHS = NO;
				CLANG_ANALYZER_NONNULL = YES;
				CLANG_ANALYZER_NUMBER_OBJECT_CONVERSION = YES_AGGRESSIVE;
				CLANG_CXX_LANGUAGE_STANDARD = "gnu++14";
				CLANG_CXX_LIBRARY = "libc++";
				CLANG_ENABLE_MODULES = YES;
				CLANG_ENABLE_OBJC_ARC = YES;
				CLANG_WARN_BLOCK_CAPTURE_AUTORELEASING = YES;
				CLANG_WARN_BOOL_CONVERSION = YES;
				CLANG_WARN_COMMA = YES;
				CLANG_WARN_CONSTANT_CONVERSION = YES;
				CLANG_WARN_DIRECT_OBJC_ISA_USAGE = YES_ERROR;
				CLANG_WARN_DOCUMENTATION_COMMENTS = YES;
				CLANG_WARN_EMPTY_BODY = YES;
				CLANG_WARN_ENUM_CONVERSION = YES;
				CLANG_WARN_INFINITE_RECURSION = YES;
				CLANG_WARN_INT_CONVERSION = YES;
				CLANG_WARN_NON_LITERAL_NULL_CONVERSION = YES;
				CLANG_WARN_OBJC_LITERAL_CONVERSION = YES;
				CLANG_WARN_OBJC_ROOT_CLASS = YES_ERROR;
				CLANG_WARN_RANGE_LOOP_ANALYSIS = YES;
				CLANG_WARN_STRICT_PROTOTYPES = YES;
				CLANG_WARN_SUSPICIOUS_MOVE = YES;
				CLANG_WARN_UNGUARDED_AVAILABILITY = YES_AGGRESSIVE;
				CLANG_WARN_UNREACHABLE_CODE = YES;
				CLANG_WARN__DUPLICATE_METHOD_MATCH = YES;
				CODE_SIGN_IDENTITY = "iPhone Developer";
				COPY_PHASE_STRIP = NO;
				DEBUG_INFORMATION_FORMAT = "dwarf-with-dsym";
				ENABLE_NS_ASSERTIONS = NO;
				ENABLE_STRICT_OBJC_MSGSEND = YES;
				GCC_C_LANGUAGE_STANDARD = gnu11;
				GCC_NO_COMMON_BLOCKS = YES;
				GCC_WARN_64_TO_32_BIT_CONVERSION = YES;
				GCC_WARN_ABOUT_RETURN_TYPE = YES_ERROR;
				GCC_WARN_UNDECLARED_SELECTOR = YES;
				GCC_WARN_UNINITIALIZED_AUTOS = YES_AGGRESSIVE;
				GCC_WARN_UNUSED_FUNCTION = YES;
				GCC_WARN_UNUSED_VARIABLE = YES;
				IPHONEOS_DEPLOYMENT_TARGET = 11.2;
				MTL_ENABLE_DEBUG_INFO = NO;
				SDKROOT = iphoneos;
				VALIDATE_PRODUCT = YES;
			};
			name = Release;
		};
		82957E6720A302DE006B8650 /* Debug */ = {
			isa = XCBuildConfiguration;
			buildSettings = {
				ASSETCATALOG_COMPILER_APPICON_NAME = AppIcon;
				CODE_SIGN_STYLE = Automatic;
				INFOPLIST_FILE = FSView/Info.plist;
				LD_RUNPATH_SEARCH_PATHS = "$(inherited) @executable_path/Frameworks";
				PRODUCT_BUNDLE_IDENTIFIER = aaaa.FSView;
				PRODUCT_NAME = "$(TARGET_NAME)";
				TARGETED_DEVICE_FAMILY = "1,2";
			};
			name = Debug;
		};
		82957E6820A302DE006B8650 /* Release */ = {
			isa = XCBuildConfiguration;
			buildSettings = {
				ASSETCATALOG_COMPILER_APPICON_NAME = AppIcon;
				CODE_SIGN_STYLE = Automatic;
				INFOPLIST_FILE = FSView/Info.plist;
				LD_RUNPATH_SEARCH_PATHS = "$(inherited) @executable_path/Frameworks";
				PRODUCT_BUNDLE_IDENTIFIER = aaaa.FSView;
				PRODUCT_NAME = "$(TARGET_NAME)";
				TARGETED_DEVICE_FAMILY = "1,2";
			};
			name = Release;
		};
		82957E6A20A302DE006B8650 /* Debug */ = {
			isa = XCBuildConfiguration;
			buildSettings = {
				BUNDLE_LOADER = "$(TEST_HOST)";
				CODE_SIGN_STYLE = Automatic;
				INFOPLIST_FILE = FSViewTests/Info.plist;
				LD_RUNPATH_SEARCH_PATHS = "$(inherited) @executable_path/Frameworks @loader_path/Frameworks";
				PRODUCT_BUNDLE_IDENTIFIER = aaaa.FSViewTests;
				PRODUCT_NAME = "$(TARGET_NAME)";
				TARGETED_DEVICE_FAMILY = "1,2";
				TEST_HOST = "$(BUILT_PRODUCTS_DIR)/FSView.app/FSView";
			};
			name = Debug;
		};
		82957E6B20A302DE006B8650 /* Release */ = {
			isa = XCBuildConfiguration;
			buildSettings = {
				BUNDLE_LOADER = "$(TEST_HOST)";
				CODE_SIGN_STYLE = Automatic;
				INFOPLIST_FILE = FSViewTests/Info.plist;
				LD_RUNPATH_SEARCH_PATHS = "$(inherited) @executable_path/Frameworks @loader_path/Frameworks";
				PRODUCT_BUNDLE_IDENTIFIER = aaaa.FSViewTests;
				PRODUCT_NAME = "$(TARGET_NAME)";
				TARGETED_DEVICE_FAMILY = "1,2";
				TEST_HOST = "$(BUILT_PRODUCTS_DIR)/FSView.app/FSView";
			};
			name = Release;
		};
		82957E6D20A302DE006B8650 /* Debug */ = {
			isa = XCBuildConfiguration;
			buildSettings = {
				CODE_SIGN_STYLE = Automatic;
				INFOPLIST_FILE = FSViewUITests/Info.plist;
				LD_RUNPATH_SEARCH_PATHS = "$(inherited) @executable_path/Frameworks @loader_path/Frameworks";
				PRODUCT_BUNDLE_IDENTIFIER = aaaa.FSViewUITests;
				PRODUCT_NAME = "$(TARGET_NAME)";
				TARGETED_DEVICE_FAMILY = "1,2";
				TEST_TARGET_NAME = FSView;
			};
			name = Debug;
		};
		82957E6E20A302DE006B8650 /* Release */ = {
			isa = XCBuildConfiguration;
			buildSettings = {
				CODE_SIGN_STYLE = Automatic;
				INFOPLIST_FILE = FSViewUITests/Info.plist;
				LD_RUNPATH_SEARCH_PATHS = "$(inherited) @executable_path/Frameworks @loader_path/Frameworks";
				PRODUCT_BUNDLE_IDENTIFIER = aaaa.FSViewUITests;
				PRODUCT_NAME = "$(TARGET_NAME)";
				TARGETED_DEVICE_FAMILY = "1,2";
				TEST_TARGET_NAME = FSView;
			};
			name = Release;
		};
/* End XCBuildConfiguration section */

/* Begin XCConfigurationList section */
		82957E3520A302DE006B8650 /* Build configuration list for PBXProject "FSView" */ = {
			isa = XCConfigurationList;
			buildConfigurations = (
				82957E6420A302DE006B8650 /* Debug */,
				82957E6520A302DE006B8650 /* Release */,
			);
			defaultConfigurationIsVisible = 0;
			defaultConfigurationName = Release;
		};
		82957E6620A302DE006B8650 /* Build configuration list for PBXNativeTarget "FSView" */ = {
			isa = XCConfigurationList;
			buildConfigurations = (
				82957E6720A302DE006B8650 /* Debug */,
				82957E6820A302DE006B8650 /* Release */,
			);
			defaultConfigurationIsVisible = 0;
			defaultConfigurationName = Release;
		};
		82957E6920A302DE006B8650 /* Build configuration list for PBXNativeTarget "FSViewTests" */ = {
			isa = XCConfigurationList;
			buildConfigurations = (
				82957E6A20A302DE006B8650 /* Debug */,
				82957E6B20A302DE006B8650 /* Release */,
			);
			defaultConfigurationIsVisible = 0;
			defaultConfigurationName = Release;
		};
		82957E6C20A302DE006B8650 /* Build configuration list for PBXNativeTarget "FSViewUITests" */ = {
			isa = XCConfigurationList;
			buildConfigurations = (
				82957E6D20A302DE006B8650 /* Debug */,
				82957E6E20A302DE006B8650 /* Release */,
			);
			defaultConfigurationIsVisible = 0;
			defaultConfigurationName = Release;
		};
/* End XCConfigurationList section */
	};
	rootObject = 82957E3220A302DE006B8650 /* Project object */;
}
